
Microsoft Visual Studio Solution File, Format Version 12.00
# Visual Studio Version 17
VisualStudioVersion = 17.3.32804.467
MinimumVisualStudioVersion = 10.0.40219.1
Project("{FAE04EC0-301F-11D3-BF4B-00C04F79EFBC}") = "oct7", "oct7\oct7.csproj", "{B1EEAC2A-41AE-4AFC-818F-8A7CE0A4ACDC}"
EndProject
Project("{FAE04EC0-301F-11D3-BF4B-00C04F79EFBC}") = "Book", "Book\Book.csproj", "{72373BE6-CD48-4B3C-ACAF-3E87DA7A3609}"
EndProject
Global
	GlobalSection(SolutionConfigurationPlatforms) = preSolution
		Debug|Any CPU = Debug|Any CPU
		Release|Any CPU = Release|Any CPU
	EndGlobalSection
	GlobalSection(ProjectConfigurationPlatforms) = postSolution
		{B1EEAC2A-41AE-4AFC-818F-8A7CE0A4ACDC}.Debug|Any CPU.ActiveCfg = Debug|Any CPU
		{B1EEAC2A-41AE-4AFC-818F-8A7CE0A4ACDC}.Debug|Any CPU.Build.0 = Debug|Any CPU
		{B1EEAC2A-41AE-4AFC-818F-8A7CE0A4ACDC}.Release|Any CPU.ActiveCfg = Release|Any CPU
		{B1EEAC2A-41AE-4AFC-818F-8A7CE0A4ACDC}.Release|Any CPU.Build.0 = Release|Any CPU
		{72373BE6-CD48-4B3C-ACAF-3E87DA7A3609}.Debug|Any CPU.ActiveCfg = Debug|Any CPU
		{72373BE6-CD48-4B3C-ACAF-3E87DA7A3609}.Debug|Any CPU.Build.0 = Debug|Any CPU
		{72373BE6-CD48-4B3C-ACAF-3E87DA7A3609}.Release|Any CPU.ActiveCfg = Release|Any CPU
		{72373BE6-CD48-4B3C-ACAF-3E87DA7A3609}.Release|Any CPU.Build.0 = Release|Any CPU
	EndGlobalSection
	GlobalSection(SolutionProperties) = preSolution
		HideSolutionNode = FALSE
	EndGlobalSection
	GlobalSection(ExtensibilityGlobals) = postSolution
		SolutionGuid = {F41B6A24-7D69-4BC7-9174-FBED623E3A84}
	EndGlobalSection
EndGlobal
